// !$*UTF8*$!
{
	archiveVersion = 1;
	classes = {
	};
	objectVersion = 46;
	objects = {

/* Begin PBXBuildFile section */
		3A11391C19DFDA6000C64138 /* MDCrashGameVC.txt in Resources */ = {isa = PBXBuildFile; fileRef = 3A11391B19DFDA6000C64138 /* MDCrashGameVC.txt */; };
		3A11391F19E2EBC600C64138 /* MDImageLoader.m in Sources */ = {isa = PBXBuildFile; fileRef = 3A11391E19E2EBC600C64138 /* MDImageLoader.m */; };
		3A11392619E378AE00C64138 /* MDScrollListVC.m in Sources */ = {isa = PBXBuildFile; fileRef = 3A11392419E378AE00C64138 /* MDScrollListVC.m */; };
		3A11392719E378AE00C64138 /* MDScrollListVC.xib in Resources */ = {isa = PBXBuildFile; fileRef = 3A11392519E378AE00C64138 /* MDScrollListVC.xib */; };
		3A11392919E378C600C64138 /* MDScrollListVC.txt in Resources */ = {isa = PBXBuildFile; fileRef = 3A11392819E378C600C64138 /* MDScrollListVC.txt */; };
		3A11392C19E3810C00C64138 /* MDWordList.m in Sources */ = {isa = PBXBuildFile; fileRef = 3A11392B19E3810C00C64138 /* MDWordList.m */; };
		3A11392E19E3AF8900C64138 /* words.txt in Resources */ = {isa = PBXBuildFile; fileRef = 3A11392D19E3AF8900C64138 /* words.txt */; };
		3A11393519E457A900C64138 /* MDUIHelpers.m in Sources */ = {isa = PBXBuildFile; fileRef = 3A11393419E457A900C64138 /* MDUIHelpers.m */; };
		3A56474E19DB42800064B898 /* AppIcon29x29.png in Resources */ = {isa = PBXBuildFile; fileRef = 3A56473E19DB42800064B898 /* AppIcon29x29.png */; };
		3A56474F19DB42800064B898 /* AppIcon29x29@2x.png in Resources */ = {isa = PBXBuildFile; fileRef = 3A56473F19DB42800064B898 /* AppIcon29x29@2x.png */; };
		3A56475019DB42800064B898 /* AppIcon40x40.png in Resources */ = {isa = PBXBuildFile; fileRef = 3A56474019DB42800064B898 /* AppIcon40x40.png */; };
		3A56475119DB42800064B898 /* AppIcon40x40@2x.png in Resources */ = {isa = PBXBuildFile; fileRef = 3A56474119DB42800064B898 /* AppIcon40x40@2x.png */; };
		3A56475219DB42800064B898 /* AppIcon50x50.png in Resources */ = {isa = PBXBuildFile; fileRef = 3A56474219DB42800064B898 /* AppIcon50x50.png */; };
		3A56475319DB42800064B898 /* AppIcon50x50@2x.png in Resources */ = {isa = PBXBuildFile; fileRef = 3A56474319DB42800064B898 /* AppIcon50x50@2x.png */; };
		3A56475419DB42800064B898 /* AppIcon57x57.png in Resources */ = {isa = PBXBuildFile; fileRef = 3A56474419DB42800064B898 /* AppIcon57x57.png */; };
		3A56475519DB42800064B898 /* AppIcon57x57@2x.png in Resources */ = {isa = PBXBuildFile; fileRef = 3A56474519DB42800064B898 /* AppIcon57x57@2x.png */; };
		3A56475619DB42800064B898 /* AppIcon60x60.png in Resources */ = {isa = PBXBuildFile; fileRef = 3A56474619DB42800064B898 /* AppIcon60x60.png */; };
		3A56475719DB42800064B898 /* AppIcon60x60@2x.png in Resources */ = {isa = PBXBuildFile; fileRef = 3A56474719DB42800064B898 /* AppIcon60x60@2x.png */; };
		3A56475819DB42800064B898 /* AppIcon72x72.png in Resources */ = {isa = PBXBuildFile; fileRef = 3A56474819DB42800064B898 /* AppIcon72x72.png */; };
		3A56475919DB42800064B898 /* AppIcon72x72@2x.png in Resources */ = {isa = PBXBuildFile; fileRef = 3A56474919DB42800064B898 /* AppIcon72x72@2x.png */; };
		3A56475A19DB42800064B898 /* AppIcon76x76.png in Resources */ = {isa = PBXBuildFile; fileRef = 3A56474A19DB42800064B898 /* AppIcon76x76.png */; };
		3A56475B19DB42800064B898 /* AppIcon76x76@2x.png in Resources */ = {isa = PBXBuildFile; fileRef = 3A56474B19DB42800064B898 /* AppIcon76x76@2x.png */; };
		3A56475C19DB42800064B898 /* iTunesArtwork.png in Resources */ = {isa = PBXBuildFile; fileRef = 3A56474C19DB42800064B898 /* iTunesArtwork.png */; };
		3A56475D19DB42800064B898 /* iTunesArtwork@2x.png in Resources */ = {isa = PBXBuildFile; fileRef = 3A56474D19DB42800064B898 /* iTunesArtwork@2x.png */; };
		3A56476019DB5AA10064B898 /* MDDemoListDataSource.m in Sources */ = {isa = PBXBuildFile; fileRef = 3A56475F19DB5AA10064B898 /* MDDemoListDataSource.m */; };
		3A56476419DBA06B0064B898 /* MDImageGalleryVC.m in Sources */ = {isa = PBXBuildFile; fileRef = 3A56476219DBA06B0064B898 /* MDImageGalleryVC.m */; };
		3A56476819DBA44A0064B898 /* MDImageGalleryView.xib in Resources */ = {isa = PBXBuildFile; fileRef = 3A56476719DBA44A0064B898 /* MDImageGalleryView.xib */; };
		3A75993A19DC8CA7006DF783 /* MDInfoVC.m in Sources */ = {isa = PBXBuildFile; fileRef = 3A75993919DC8CA7006DF783 /* MDInfoVC.m */; };
		3A75993D19DC90D8006DF783 /* MDSettings.m in Sources */ = {isa = PBXBuildFile; fileRef = 3A75993C19DC90D8006DF783 /* MDSettings.m */; };
		3A75994619DCAE38006DF783 /* 19-gear.png in Resources */ = {isa = PBXBuildFile; fileRef = 3A75994419DCAE38006DF783 /* 19-gear.png */; };
		3A75994719DCAE38006DF783 /* 19-gear@2x.png in Resources */ = {isa = PBXBuildFile; fileRef = 3A75994519DCAE38006DF783 /* 19-gear@2x.png */; };
		3A82F14A19CA99A200036226 /* NRMADemoTools.m in Sources */ = {isa = PBXBuildFile; fileRef = 3A82F14919CA99A200036226 /* NRMADemoTools.m */; };
		3AA898BB19BA14CE004E0892 /* Foundation.framework in Frameworks */ = {isa = PBXBuildFile; fileRef = 3AA898BA19BA14CE004E0892 /* Foundation.framework */; };
		3AA898BD19BA14CE004E0892 /* CoreGraphics.framework in Frameworks */ = {isa = PBXBuildFile; fileRef = 3AA898BC19BA14CE004E0892 /* CoreGraphics.framework */; };
		3AA898BF19BA14CE004E0892 /* UIKit.framework in Frameworks */ = {isa = PBXBuildFile; fileRef = 3AA898BE19BA14CE004E0892 /* UIKit.framework */; };
		3AA898C519BA14CE004E0892 /* InfoPlist.strings in Resources */ = {isa = PBXBuildFile; fileRef = 3AA898C319BA14CE004E0892 /* InfoPlist.strings */; };
		3AA898C719BA14CE004E0892 /* main.m in Sources */ = {isa = PBXBuildFile; fileRef = 3AA898C619BA14CE004E0892 /* main.m */; };
		3AA898CB19BA14CE004E0892 /* MDAppDelegate.m in Sources */ = {isa = PBXBuildFile; fileRef = 3AA898CA19BA14CE004E0892 /* MDAppDelegate.m */; };
		3AA898CE19BA14CE004E0892 /* Main.storyboard in Resources */ = {isa = PBXBuildFile; fileRef = 3AA898CC19BA14CE004E0892 /* Main.storyboard */; };
		3AA898D119BA14CE004E0892 /* MDIntroVC.m in Sources */ = {isa = PBXBuildFile; fileRef = 3AA898D019BA14CE004E0892 /* MDIntroVC.m */; };
		3AA898D319BA14CE004E0892 /* Images.xcassets in Resources */ = {isa = PBXBuildFile; fileRef = 3AA898D219BA14CE004E0892 /* Images.xcassets */; };
		3AA898F119BA15EE004E0892 /* MDHomeVC.m in Sources */ = {isa = PBXBuildFile; fileRef = 3AA898F019BA15EE004E0892 /* MDHomeVC.m */; };
		3AA898F919BA1BE8004E0892 /* MDSystemVC.m in Sources */ = {isa = PBXBuildFile; fileRef = 3AA898F819BA1BE8004E0892 /* MDSystemVC.m */; };
		3AA898FC19BA1BF5004E0892 /* MDPremiseVC.m in Sources */ = {isa = PBXBuildFile; fileRef = 3AA898FB19BA1BF5004E0892 /* MDPremiseVC.m */; };
		3AA898FE19BA1C71004E0892 /* SystemConfiguration.framework in Frameworks */ = {isa = PBXBuildFile; fileRef = 3AA898FD19BA1C71004E0892 /* SystemConfiguration.framework */; };
		3AA8990019BA1C78004E0892 /* libz.dylib in Frameworks */ = {isa = PBXBuildFile; fileRef = 3AA898FF19BA1C78004E0892 /* libz.dylib */; };
		3AA8990219BA1C7F004E0892 /* CoreTelephony.framework in Frameworks */ = {isa = PBXBuildFile; fileRef = 3AA8990119BA1C7F004E0892 /* CoreTelephony.framework */; };
		3AB3C67E19DFC521004335F9 /* MDPreviewVC.m in Sources */ = {isa = PBXBuildFile; fileRef = 3AB3C67C19DFC521004335F9 /* MDPreviewVC.m */; };
		3AB3C67F19DFC521004335F9 /* MDPreviewVC.xib in Resources */ = {isa = PBXBuildFile; fileRef = 3AB3C67D19DFC521004335F9 /* MDPreviewVC.xib */; };
		3AB3C68219DFC987004335F9 /* MDImageGalleryVC.txt in Resources */ = {isa = PBXBuildFile; fileRef = 3AB3C68119DFC987004335F9 /* MDImageGalleryVC.txt */; };
		3AB3C68919DFD13B004335F9 /* MDCrashGameVC.m in Sources */ = {isa = PBXBuildFile; fileRef = 3AB3C68719DFD13B004335F9 /* MDCrashGameVC.m */; };
		3AB3C68A19DFD13B004335F9 /* MDCrashGameVC.xib in Resources */ = {isa = PBXBuildFile; fileRef = 3AB3C68819DFD13B004335F9 /* MDCrashGameVC.xib */; };
		3AB3C68D19DFD392004335F9 /* gamebutton.png in Resources */ = {isa = PBXBuildFile; fileRef = 3AB3C68B19DFD392004335F9 /* gamebutton.png */; };
		3AB3C68E19DFD392004335F9 /* gamebutton@2x.png in Resources */ = {isa = PBXBuildFile; fileRef = 3AB3C68C19DFD392004335F9 /* gamebutton@2x.png */; };
		79A51653FA7F409DAC2006FE /* libPods.a in Frameworks */ = {isa = PBXBuildFile; fileRef = 303703CBBAEA4657A37F689D /* libPods.a */; };
/* End PBXBuildFile section */

/* Begin PBXFileReference section */
		098E68D8F0EA772C9124BBAE /* Pods.debug.xcconfig */ = {isa = PBXFileReference; includeInIndex = 1; lastKnownFileType = text.xcconfig; name = Pods.debug.xcconfig; path = "Pods/Target Support Files/Pods/Pods.debug.xcconfig"; sourceTree = "<group>"; };
		303703CBBAEA4657A37F689D /* libPods.a */ = {isa = PBXFileReference; explicitFileType = archive.ar; includeInIndex = 0; path = libPods.a; sourceTree = BUILT_PRODUCTS_DIR; };
		3A11391B19DFDA6000C64138 /* MDCrashGameVC.txt */ = {isa = PBXFileReference; fileEncoding = 4; lastKnownFileType = text; path = MDCrashGameVC.txt; sourceTree = "<group>"; };
		3A11391D19E2EBC600C64138 /* MDImageLoader.h */ = {isa = PBXFileReference; fileEncoding = 4; lastKnownFileType = sourcecode.c.h; path = MDImageLoader.h; sourceTree = "<group>"; };
		3A11391E19E2EBC600C64138 /* MDImageLoader.m */ = {isa = PBXFileReference; fileEncoding = 4; lastKnownFileType = sourcecode.c.objc; path = MDImageLoader.m; sourceTree = "<group>"; };
		3A11392319E378AE00C64138 /* MDScrollListVC.h */ = {isa = PBXFileReference; fileEncoding = 4; lastKnownFileType = sourcecode.c.h; path = MDScrollListVC.h; sourceTree = "<group>"; };
		3A11392419E378AE00C64138 /* MDScrollListVC.m */ = {isa = PBXFileReference; fileEncoding = 4; lastKnownFileType = sourcecode.c.objc; path = MDScrollListVC.m; sourceTree = "<group>"; };
		3A11392519E378AE00C64138 /* MDScrollListVC.xib */ = {isa = PBXFileReference; fileEncoding = 4; lastKnownFileType = file.xib; path = MDScrollListVC.xib; sourceTree = "<group>"; };
		3A11392819E378C600C64138 /* MDScrollListVC.txt */ = {isa = PBXFileReference; fileEncoding = 4; lastKnownFileType = text; path = MDScrollListVC.txt; sourceTree = "<group>"; };
		3A11392A19E3810C00C64138 /* MDWordList.h */ = {isa = PBXFileReference; fileEncoding = 4; lastKnownFileType = sourcecode.c.h; path = MDWordList.h; sourceTree = "<group>"; };
		3A11392B19E3810C00C64138 /* MDWordList.m */ = {isa = PBXFileReference; fileEncoding = 4; lastKnownFileType = sourcecode.c.objc; path = MDWordList.m; sourceTree = "<group>"; };
		3A11392D19E3AF8900C64138 /* words.txt */ = {isa = PBXFileReference; fileEncoding = 4; lastKnownFileType = text; path = words.txt; sourceTree = "<group>"; };
		3A11393319E457A900C64138 /* MDUIHelpers.h */ = {isa = PBXFileReference; fileEncoding = 4; lastKnownFileType = sourcecode.c.h; path = MDUIHelpers.h; sourceTree = "<group>"; };
		3A11393419E457A900C64138 /* MDUIHelpers.m */ = {isa = PBXFileReference; fileEncoding = 4; lastKnownFileType = sourcecode.c.objc; path = MDUIHelpers.m; sourceTree = "<group>"; };
		3A56473E19DB42800064B898 /* AppIcon29x29.png */ = {isa = PBXFileReference; lastKnownFileType = image.png; path = AppIcon29x29.png; sourceTree = "<group>"; };
		3A56473F19DB42800064B898 /* AppIcon29x29@2x.png */ = {isa = PBXFileReference; lastKnownFileType = image.png; path = "AppIcon29x29@2x.png"; sourceTree = "<group>"; };
		3A56474019DB42800064B898 /* AppIcon40x40.png */ = {isa = PBXFileReference; lastKnownFileType = image.png; path = AppIcon40x40.png; sourceTree = "<group>"; };
		3A56474119DB42800064B898 /* AppIcon40x40@2x.png */ = {isa = PBXFileReference; lastKnownFileType = image.png; path = "AppIcon40x40@2x.png"; sourceTree = "<group>"; };
		3A56474219DB42800064B898 /* AppIcon50x50.png */ = {isa = PBXFileReference; lastKnownFileType = image.png; path = AppIcon50x50.png; sourceTree = "<group>"; };
		3A56474319DB42800064B898 /* AppIcon50x50@2x.png */ = {isa = PBXFileReference; lastKnownFileType = image.png; path = "AppIcon50x50@2x.png"; sourceTree = "<group>"; };
		3A56474419DB42800064B898 /* AppIcon57x57.png */ = {isa = PBXFileReference; lastKnownFileType = image.png; path = AppIcon57x57.png; sourceTree = "<group>"; };
		3A56474519DB42800064B898 /* AppIcon57x57@2x.png */ = {isa = PBXFileReference; lastKnownFileType = image.png; path = "AppIcon57x57@2x.png"; sourceTree = "<group>"; };
		3A56474619DB42800064B898 /* AppIcon60x60.png */ = {isa = PBXFileReference; lastKnownFileType = image.png; path = AppIcon60x60.png; sourceTree = "<group>"; };
		3A56474719DB42800064B898 /* AppIcon60x60@2x.png */ = {isa = PBXFileReference; lastKnownFileType = image.png; path = "AppIcon60x60@2x.png"; sourceTree = "<group>"; };
		3A56474819DB42800064B898 /* AppIcon72x72.png */ = {isa = PBXFileReference; lastKnownFileType = image.png; path = AppIcon72x72.png; sourceTree = "<group>"; };
		3A56474919DB42800064B898 /* AppIcon72x72@2x.png */ = {isa = PBXFileReference; lastKnownFileType = image.png; path = "AppIcon72x72@2x.png"; sourceTree = "<group>"; };
		3A56474A19DB42800064B898 /* AppIcon76x76.png */ = {isa = PBXFileReference; lastKnownFileType = image.png; path = AppIcon76x76.png; sourceTree = "<group>"; };
		3A56474B19DB42800064B898 /* AppIcon76x76@2x.png */ = {isa = PBXFileReference; lastKnownFileType = image.png; path = "AppIcon76x76@2x.png"; sourceTree = "<group>"; };
		3A56474C19DB42800064B898 /* iTunesArtwork.png */ = {isa = PBXFileReference; lastKnownFileType = image.png; path = iTunesArtwork.png; sourceTree = "<group>"; };
		3A56474D19DB42800064B898 /* iTunesArtwork@2x.png */ = {isa = PBXFileReference; lastKnownFileType = image.png; path = "iTunesArtwork@2x.png"; sourceTree = "<group>"; };
		3A56475E19DB5AA10064B898 /* MDDemoListDataSource.h */ = {isa = PBXFileReference; fileEncoding = 4; lastKnownFileType = sourcecode.c.h; path = MDDemoListDataSource.h; sourceTree = "<group>"; };
		3A56475F19DB5AA10064B898 /* MDDemoListDataSource.m */ = {isa = PBXFileReference; fileEncoding = 4; lastKnownFileType = sourcecode.c.objc; path = MDDemoListDataSource.m; sourceTree = "<group>"; };
		3A56476119DBA06B0064B898 /* MDImageGalleryVC.h */ = {isa = PBXFileReference; fileEncoding = 4; lastKnownFileType = sourcecode.c.h; path = MDImageGalleryVC.h; sourceTree = "<group>"; };
		3A56476219DBA06B0064B898 /* MDImageGalleryVC.m */ = {isa = PBXFileReference; fileEncoding = 4; lastKnownFileType = sourcecode.c.objc; path = MDImageGalleryVC.m; sourceTree = "<group>"; };
		3A56476719DBA44A0064B898 /* MDImageGalleryView.xib */ = {isa = PBXFileReference; fileEncoding = 4; lastKnownFileType = file.xib; path = MDImageGalleryView.xib; sourceTree = "<group>"; };
		3A68AC251AA3CB3F00D38BAE /* libc++.dylib */ = {isa = PBXFileReference; lastKnownFileType = "compiled.mach-o.dylib"; name = "libc++.dylib"; path = "usr/lib/libc++.dylib"; sourceTree = SDKROOT; };
		3A68AC271AA3CB4700D38BAE /* CoreData.framework */ = {isa = PBXFileReference; lastKnownFileType = wrapper.framework; name = CoreData.framework; path = System/Library/Frameworks/CoreData.framework; sourceTree = SDKROOT; };
		3A75993819DC8CA7006DF783 /* MDInfoVC.h */ = {isa = PBXFileReference; fileEncoding = 4; lastKnownFileType = sourcecode.c.h; path = MDInfoVC.h; sourceTree = "<group>"; };
		3A75993919DC8CA7006DF783 /* MDInfoVC.m */ = {isa = PBXFileReference; fileEncoding = 4; lastKnownFileType = sourcecode.c.objc; path = MDInfoVC.m; sourceTree = "<group>"; };
		3A75993B19DC90D8006DF783 /* MDSettings.h */ = {isa = PBXFileReference; fileEncoding = 4; lastKnownFileType = sourcecode.c.h; path = MDSettings.h; sourceTree = "<group>"; };
		3A75993C19DC90D8006DF783 /* MDSettings.m */ = {isa = PBXFileReference; fileEncoding = 4; lastKnownFileType = sourcecode.c.objc; path = MDSettings.m; sourceTree = "<group>"; };
		3A75994419DCAE38006DF783 /* 19-gear.png */ = {isa = PBXFileReference; lastKnownFileType = image.png; path = "19-gear.png"; sourceTree = "<group>"; };
		3A75994519DCAE38006DF783 /* 19-gear@2x.png */ = {isa = PBXFileReference; lastKnownFileType = image.png; path = "19-gear@2x.png"; sourceTree = "<group>"; };
		3A82F14819CA99A200036226 /* NRMADemoTools.h */ = {isa = PBXFileReference; fileEncoding = 4; lastKnownFileType = sourcecode.c.h; path = NRMADemoTools.h; sourceTree = "<group>"; };
		3A82F14919CA99A200036226 /* NRMADemoTools.m */ = {isa = PBXFileReference; fileEncoding = 4; lastKnownFileType = sourcecode.c.objc; path = NRMADemoTools.m; sourceTree = "<group>"; };
		3AA898B719BA14CE004E0892 /* MobileDemo.app */ = {isa = PBXFileReference; explicitFileType = wrapper.application; includeInIndex = 0; path = MobileDemo.app; sourceTree = BUILT_PRODUCTS_DIR; };
		3AA898BA19BA14CE004E0892 /* Foundation.framework */ = {isa = PBXFileReference; lastKnownFileType = wrapper.framework; name = Foundation.framework; path = System/Library/Frameworks/Foundation.framework; sourceTree = SDKROOT; };
		3AA898BC19BA14CE004E0892 /* CoreGraphics.framework */ = {isa = PBXFileReference; lastKnownFileType = wrapper.framework; name = CoreGraphics.framework; path = System/Library/Frameworks/CoreGraphics.framework; sourceTree = SDKROOT; };
		3AA898BE19BA14CE004E0892 /* UIKit.framework */ = {isa = PBXFileReference; lastKnownFileType = wrapper.framework; name = UIKit.framework; path = System/Library/Frameworks/UIKit.framework; sourceTree = SDKROOT; };
		3AA898C219BA14CE004E0892 /* MobileDemo-Info.plist */ = {isa = PBXFileReference; lastKnownFileType = text.plist.xml; path = "MobileDemo-Info.plist"; sourceTree = "<group>"; };
		3AA898C419BA14CE004E0892 /* en */ = {isa = PBXFileReference; lastKnownFileType = text.plist.strings; name = en; path = en.lproj/InfoPlist.strings; sourceTree = "<group>"; };
		3AA898C619BA14CE004E0892 /* main.m */ = {isa = PBXFileReference; lastKnownFileType = sourcecode.c.objc; path = main.m; sourceTree = "<group>"; };
		3AA898C819BA14CE004E0892 /* MobileDemo-Prefix.pch */ = {isa = PBXFileReference; lastKnownFileType = sourcecode.c.h; path = "MobileDemo-Prefix.pch"; sourceTree = "<group>"; };
		3AA898C919BA14CE004E0892 /* MDAppDelegate.h */ = {isa = PBXFileReference; lastKnownFileType = sourcecode.c.h; path = MDAppDelegate.h; sourceTree = "<group>"; };
		3AA898CA19BA14CE004E0892 /* MDAppDelegate.m */ = {isa = PBXFileReference; lastKnownFileType = sourcecode.c.objc; path = MDAppDelegate.m; sourceTree = "<group>"; };
		3AA898CD19BA14CE004E0892 /* Base */ = {isa = PBXFileReference; lastKnownFileType = file.storyboard; name = Base; path = Base.lproj/Main.storyboard; sourceTree = "<group>"; };
		3AA898CF19BA14CE004E0892 /* MDIntroVC.h */ = {isa = PBXFileReference; lastKnownFileType = sourcecode.c.h; path = MDIntroVC.h; sourceTree = "<group>"; };
		3AA898D019BA14CE004E0892 /* MDIntroVC.m */ = {isa = PBXFileReference; lastKnownFileType = sourcecode.c.objc; path = MDIntroVC.m; sourceTree = "<group>"; };
		3AA898D219BA14CE004E0892 /* Images.xcassets */ = {isa = PBXFileReference; lastKnownFileType = folder.assetcatalog; path = Images.xcassets; sourceTree = "<group>"; };
		3AA898D919BA14CE004E0892 /* XCTest.framework */ = {isa = PBXFileReference; lastKnownFileType = wrapper.framework; name = XCTest.framework; path = Library/Frameworks/XCTest.framework; sourceTree = DEVELOPER_DIR; };
		3AA898EF19BA15EE004E0892 /* MDHomeVC.h */ = {isa = PBXFileReference; fileEncoding = 4; lastKnownFileType = sourcecode.c.h; path = MDHomeVC.h; sourceTree = "<group>"; };
		3AA898F019BA15EE004E0892 /* MDHomeVC.m */ = {isa = PBXFileReference; fileEncoding = 4; lastKnownFileType = sourcecode.c.objc; path = MDHomeVC.m; sourceTree = "<group>"; };
		3AA898F719BA1BE8004E0892 /* MDSystemVC.h */ = {isa = PBXFileReference; fileEncoding = 4; lastKnownFileType = sourcecode.c.h; path = MDSystemVC.h; sourceTree = "<group>"; };
		3AA898F819BA1BE8004E0892 /* MDSystemVC.m */ = {isa = PBXFileReference; fileEncoding = 4; lastKnownFileType = sourcecode.c.objc; path = MDSystemVC.m; sourceTree = "<group>"; };
		3AA898FA19BA1BF5004E0892 /* MDPremiseVC.h */ = {isa = PBXFileReference; fileEncoding = 4; lastKnownFileType = sourcecode.c.h; path = MDPremiseVC.h; sourceTree = "<group>"; };
		3AA898FB19BA1BF5004E0892 /* MDPremiseVC.m */ = {isa = PBXFileReference; fileEncoding = 4; lastKnownFileType = sourcecode.c.objc; path = MDPremiseVC.m; sourceTree = "<group>"; };
		3AA898FD19BA1C71004E0892 /* SystemConfiguration.framework */ = {isa = PBXFileReference; lastKnownFileType = wrapper.framework; name = SystemConfiguration.framework; path = System/Library/Frameworks/SystemConfiguration.framework; sourceTree = SDKROOT; };
		3AA898FF19BA1C78004E0892 /* libz.dylib */ = {isa = PBXFileReference; lastKnownFileType = "compiled.mach-o.dylib"; name = libz.dylib; path = usr/lib/libz.dylib; sourceTree = SDKROOT; };
		3AA8990119BA1C7F004E0892 /* CoreTelephony.framework */ = {isa = PBXFileReference; lastKnownFileType = wrapper.framework; name = CoreTelephony.framework; path = System/Library/Frameworks/CoreTelephony.framework; sourceTree = SDKROOT; };
		3AB3C67B19DFC521004335F9 /* MDPreviewVC.h */ = {isa = PBXFileReference; fileEncoding = 4; lastKnownFileType = sourcecode.c.h; path = MDPreviewVC.h; sourceTree = "<group>"; };
		3AB3C67C19DFC521004335F9 /* MDPreviewVC.m */ = {isa = PBXFileReference; fileEncoding = 4; lastKnownFileType = sourcecode.c.objc; path = MDPreviewVC.m; sourceTree = "<group>"; };
		3AB3C67D19DFC521004335F9 /* MDPreviewVC.xib */ = {isa = PBXFileReference; fileEncoding = 4; lastKnownFileType = file.xib; path = MDPreviewVC.xib; sourceTree = "<group>"; };
		3AB3C68119DFC987004335F9 /* MDImageGalleryVC.txt */ = {isa = PBXFileReference; fileEncoding = 4; lastKnownFileType = text; path = MDImageGalleryVC.txt; sourceTree = "<group>"; };
		3AB3C68619DFD13B004335F9 /* MDCrashGameVC.h */ = {isa = PBXFileReference; fileEncoding = 4; lastKnownFileType = sourcecode.c.h; path = MDCrashGameVC.h; sourceTree = "<group>"; };
		3AB3C68719DFD13B004335F9 /* MDCrashGameVC.m */ = {isa = PBXFileReference; fileEncoding = 4; lastKnownFileType = sourcecode.c.objc; path = MDCrashGameVC.m; sourceTree = "<group>"; };
		3AB3C68819DFD13B004335F9 /* MDCrashGameVC.xib */ = {isa = PBXFileReference; fileEncoding = 4; lastKnownFileType = file.xib; path = MDCrashGameVC.xib; sourceTree = "<group>"; };
		3AB3C68B19DFD392004335F9 /* gamebutton.png */ = {isa = PBXFileReference; lastKnownFileType = image.png; path = gamebutton.png; sourceTree = "<group>"; };
		3AB3C68C19DFD392004335F9 /* gamebutton@2x.png */ = {isa = PBXFileReference; lastKnownFileType = image.png; path = "gamebutton@2x.png"; sourceTree = "<group>"; };
		3AB6E8DF1A2518E500517241 /* NewRelic+Development.h */ = {isa = PBXFileReference; fileEncoding = 4; lastKnownFileType = sourcecode.c.h; path = "NewRelic+Development.h"; sourceTree = "<group>"; };
		D6E6F3A0923EB4A31CBCE3BA /* Pods.release.xcconfig */ = {isa = PBXFileReference; includeInIndex = 1; lastKnownFileType = text.xcconfig; name = Pods.release.xcconfig; path = "Pods/Target Support Files/Pods/Pods.release.xcconfig"; sourceTree = "<group>"; };
/* End PBXFileReference section */

/* Begin PBXFrameworksBuildPhase section */
		3AA898B419BA14CE004E0892 /* Frameworks */ = {
			isa = PBXFrameworksBuildPhase;
			buildActionMask = 2147483647;
			files = (
				3AA8990219BA1C7F004E0892 /* CoreTelephony.framework in Frameworks */,
				3AA8990019BA1C78004E0892 /* libz.dylib in Frameworks */,
				3AA898FE19BA1C71004E0892 /* SystemConfiguration.framework in Frameworks */,
				3AA898BD19BA14CE004E0892 /* CoreGraphics.framework in Frameworks */,
				3AA898BF19BA14CE004E0892 /* UIKit.framework in Frameworks */,
				3AA898BB19BA14CE004E0892 /* Foundation.framework in Frameworks */,
				79A51653FA7F409DAC2006FE /* libPods.a in Frameworks */,
			);
			runOnlyForDeploymentPostprocessing = 0;
		};
/* End PBXFrameworksBuildPhase section */

/* Begin PBXGroup section */
		3A11392019E34CF000C64138 /* ImageGallery */ = {
			isa = PBXGroup;
			children = (
				3AB3C68119DFC987004335F9 /* MDImageGalleryVC.txt */,
				3A56476119DBA06B0064B898 /* MDImageGalleryVC.h */,
				3A56476219DBA06B0064B898 /* MDImageGalleryVC.m */,
				3A56476719DBA44A0064B898 /* MDImageGalleryView.xib */,
				3A11391D19E2EBC600C64138 /* MDImageLoader.h */,
				3A11391E19E2EBC600C64138 /* MDImageLoader.m */,
			);
			name = ImageGallery;
			sourceTree = "<group>";
		};
		3A11392119E34CF800C64138 /* CrashGame */ = {
			isa = PBXGroup;
			children = (
				3A11391B19DFDA6000C64138 /* MDCrashGameVC.txt */,
				3AB3C68619DFD13B004335F9 /* MDCrashGameVC.h */,
				3AB3C68719DFD13B004335F9 /* MDCrashGameVC.m */,
				3AB3C68819DFD13B004335F9 /* MDCrashGameVC.xib */,
			);
			name = CrashGame;
			sourceTree = "<group>";
		};
		3A11392219E3785700C64138 /* ScrollList */ = {
			isa = PBXGroup;
			children = (
				3A11392819E378C600C64138 /* MDScrollListVC.txt */,
				3A11392319E378AE00C64138 /* MDScrollListVC.h */,
				3A11392419E378AE00C64138 /* MDScrollListVC.m */,
				3A11392519E378AE00C64138 /* MDScrollListVC.xib */,
				3A11392D19E3AF8900C64138 /* words.txt */,
				3A11392A19E3810C00C64138 /* MDWordList.h */,
				3A11392B19E3810C00C64138 /* MDWordList.m */,
			);
			name = ScrollList;
			sourceTree = "<group>";
		};
		3A56473D19DB42130064B898 /* Assets */ = {
			isa = PBXGroup;
			children = (
				3AB3C68B19DFD392004335F9 /* gamebutton.png */,
				3AB3C68C19DFD392004335F9 /* gamebutton@2x.png */,
				3A75994419DCAE38006DF783 /* 19-gear.png */,
				3A75994519DCAE38006DF783 /* 19-gear@2x.png */,
				3A56473E19DB42800064B898 /* AppIcon29x29.png */,
				3A56473F19DB42800064B898 /* AppIcon29x29@2x.png */,
				3A56474019DB42800064B898 /* AppIcon40x40.png */,
				3A56474119DB42800064B898 /* AppIcon40x40@2x.png */,
				3A56474219DB42800064B898 /* AppIcon50x50.png */,
				3A56474319DB42800064B898 /* AppIcon50x50@2x.png */,
				3A56474419DB42800064B898 /* AppIcon57x57.png */,
				3A56474519DB42800064B898 /* AppIcon57x57@2x.png */,
				3A56474619DB42800064B898 /* AppIcon60x60.png */,
				3A56474719DB42800064B898 /* AppIcon60x60@2x.png */,
				3A56474819DB42800064B898 /* AppIcon72x72.png */,
				3A56474919DB42800064B898 /* AppIcon72x72@2x.png */,
				3A56474A19DB42800064B898 /* AppIcon76x76.png */,
				3A56474B19DB42800064B898 /* AppIcon76x76@2x.png */,
				3A56474C19DB42800064B898 /* iTunesArtwork.png */,
				3A56474D19DB42800064B898 /* iTunesArtwork@2x.png */,
			);
			name = Assets;
			sourceTree = "<group>";
		};
		3A56476619DBA2E60064B898 /* Performance Demos */ = {
			isa = PBXGroup;
			children = (
				3A56475E19DB5AA10064B898 /* MDDemoListDataSource.h */,
				3A56475F19DB5AA10064B898 /* MDDemoListDataSource.m */,
				3AB3C67B19DFC521004335F9 /* MDPreviewVC.h */,
				3AB3C67C19DFC521004335F9 /* MDPreviewVC.m */,
				3AB3C67D19DFC521004335F9 /* MDPreviewVC.xib */,
				3A11392219E3785700C64138 /* ScrollList */,
				3A11392119E34CF800C64138 /* CrashGame */,
				3A11392019E34CF000C64138 /* ImageGallery */,
			);
			name = "Performance Demos";
			sourceTree = "<group>";
		};
		3A82F14719CA996E00036226 /* DemoTools */ = {
			isa = PBXGroup;
			children = (
				3A82F14819CA99A200036226 /* NRMADemoTools.h */,
				3A82F14919CA99A200036226 /* NRMADemoTools.m */,
			);
			name = DemoTools;
			sourceTree = "<group>";
		};
		3AA898AE19BA14CE004E0892 = {
			isa = PBXGroup;
			children = (
				3AA898C019BA14CE004E0892 /* MobileDemo */,
				3AA898B919BA14CE004E0892 /* Frameworks */,
				3AA898B819BA14CE004E0892 /* Products */,
				79378EBFE086F54B9CACBD51 /* Pods */,
			);
			sourceTree = "<group>";
		};
		3AA898B819BA14CE004E0892 /* Products */ = {
			isa = PBXGroup;
			children = (
				3AA898B719BA14CE004E0892 /* MobileDemo.app */,
			);
			name = Products;
			sourceTree = "<group>";
		};
		3AA898B919BA14CE004E0892 /* Frameworks */ = {
			isa = PBXGroup;
			children = (
				3A68AC271AA3CB4700D38BAE /* CoreData.framework */,
				3A68AC251AA3CB3F00D38BAE /* libc++.dylib */,
				3AA8990119BA1C7F004E0892 /* CoreTelephony.framework */,
				3AA898FF19BA1C78004E0892 /* libz.dylib */,
				3AA898FD19BA1C71004E0892 /* SystemConfiguration.framework */,
				3AA898BA19BA14CE004E0892 /* Foundation.framework */,
				3AA898BC19BA14CE004E0892 /* CoreGraphics.framework */,
				3AA898BE19BA14CE004E0892 /* UIKit.framework */,
				3AA898D919BA14CE004E0892 /* XCTest.framework */,
				303703CBBAEA4657A37F689D /* libPods.a */,
			);
			name = Frameworks;
			sourceTree = "<group>";
		};
		3AA898C019BA14CE004E0892 /* MobileDemo */ = {
			isa = PBXGroup;
			children = (
				3AB6E8DF1A2518E500517241 /* NewRelic+Development.h */,
				3A56476619DBA2E60064B898 /* Performance Demos */,
				3A56473D19DB42130064B898 /* Assets */,
				3A82F14719CA996E00036226 /* DemoTools */,
				3AA898C919BA14CE004E0892 /* MDAppDelegate.h */,
				3AA898CA19BA14CE004E0892 /* MDAppDelegate.m */,
				3A11393319E457A900C64138 /* MDUIHelpers.h */,
				3A11393419E457A900C64138 /* MDUIHelpers.m */,
				3A75993B19DC90D8006DF783 /* MDSettings.h */,
				3A75993C19DC90D8006DF783 /* MDSettings.m */,
				3A75993819DC8CA7006DF783 /* MDInfoVC.h */,
				3A75993919DC8CA7006DF783 /* MDInfoVC.m */,
				3AA898CF19BA14CE004E0892 /* MDIntroVC.h */,
				3AA898D019BA14CE004E0892 /* MDIntroVC.m */,
				3AA898EF19BA15EE004E0892 /* MDHomeVC.h */,
				3AA898F019BA15EE004E0892 /* MDHomeVC.m */,
				3AA898F719BA1BE8004E0892 /* MDSystemVC.h */,
				3AA898F819BA1BE8004E0892 /* MDSystemVC.m */,
				3AA898FA19BA1BF5004E0892 /* MDPremiseVC.h */,
				3AA898FB19BA1BF5004E0892 /* MDPremiseVC.m */,
				3AA898CC19BA14CE004E0892 /* Main.storyboard */,
				3AA898D219BA14CE004E0892 /* Images.xcassets */,
				3AA898C119BA14CE004E0892 /* Supporting Files */,
			);
			path = MobileDemo;
			sourceTree = "<group>";
		};
		3AA898C119BA14CE004E0892 /* Supporting Files */ = {
			isa = PBXGroup;
			children = (
				3AA898C219BA14CE004E0892 /* MobileDemo-Info.plist */,
				3AA898C319BA14CE004E0892 /* InfoPlist.strings */,
				3AA898C619BA14CE004E0892 /* main.m */,
				3AA898C819BA14CE004E0892 /* MobileDemo-Prefix.pch */,
			);
			name = "Supporting Files";
			sourceTree = "<group>";
		};
		79378EBFE086F54B9CACBD51 /* Pods */ = {
			isa = PBXGroup;
			children = (
				098E68D8F0EA772C9124BBAE /* Pods.debug.xcconfig */,
				D6E6F3A0923EB4A31CBCE3BA /* Pods.release.xcconfig */,
			);
			name = Pods;
			sourceTree = "<group>";
		};
/* End PBXGroup section */

/* Begin PBXNativeTarget section */
		3AA898B619BA14CE004E0892 /* MobileDemo */ = {
			isa = PBXNativeTarget;
			buildConfigurationList = 3AA898E919BA14CE004E0892 /* Build configuration list for PBXNativeTarget "MobileDemo" */;
			buildPhases = (
				3A51431B0DC540FF9D15A476 /* Check Pods Manifest.lock */,
				3AA898B319BA14CE004E0892 /* Sources */,
				3AA898B419BA14CE004E0892 /* Frameworks */,
				3AA898B519BA14CE004E0892 /* Resources */,
				268F994F251744DA89EDBAE0 /* Copy Pods Resources */,
				3AA8990619BA2A11004E0892 /* NR Phase */,
			);
			buildRules = (
			);
			dependencies = (
			);
			name = MobileDemo;
			productName = MobileDemo;
			productReference = 3AA898B719BA14CE004E0892 /* MobileDemo.app */;
			productType = "com.apple.product-type.application";
		};
/* End PBXNativeTarget section */

/* Begin PBXProject section */
		3AA898AF19BA14CE004E0892 /* Project object */ = {
			isa = PBXProject;
			attributes = {
				CLASSPREFIX = MD;
				LastUpgradeCheck = 0510;
				ORGANIZATIONNAME = newrelic;
				TargetAttributes = {
					3AA898B619BA14CE004E0892 = {
						DevelopmentTeam = RQZ9D969HD;
					};
				};
			};
			buildConfigurationList = 3AA898B219BA14CE004E0892 /* Build configuration list for PBXProject "MobileDemo" */;
			compatibilityVersion = "Xcode 3.2";
			developmentRegion = English;
			hasScannedForEncodings = 0;
			knownRegions = (
				en,
				Base,
			);
			mainGroup = 3AA898AE19BA14CE004E0892;
			productRefGroup = 3AA898B819BA14CE004E0892 /* Products */;
			projectDirPath = "";
			projectRoot = "";
			targets = (
				3AA898B619BA14CE004E0892 /* MobileDemo */,
			);
		};
/* End PBXProject section */

/* Begin PBXResourcesBuildPhase section */
		3AA898B519BA14CE004E0892 /* Resources */ = {
			isa = PBXResourcesBuildPhase;
			buildActionMask = 2147483647;
			files = (
				3A11392E19E3AF8900C64138 /* words.txt in Resources */,
				3AA898D319BA14CE004E0892 /* Images.xcassets in Resources */,
				3A56475619DB42800064B898 /* AppIcon60x60.png in Resources */,
				3A56475019DB42800064B898 /* AppIcon40x40.png in Resources */,
				3A56475119DB42800064B898 /* AppIcon40x40@2x.png in Resources */,
				3A56474F19DB42800064B898 /* AppIcon29x29@2x.png in Resources */,
				3AA898C519BA14CE004E0892 /* InfoPlist.strings in Resources */,
				3A56475C19DB42800064B898 /* iTunesArtwork.png in Resources */,
				3A56475319DB42800064B898 /* AppIcon50x50@2x.png in Resources */,
				3AA898CE19BA14CE004E0892 /* Main.storyboard in Resources */,
				3A11392719E378AE00C64138 /* MDScrollListVC.xib in Resources */,
				3AB3C68E19DFD392004335F9 /* gamebutton@2x.png in Resources */,
				3A56475419DB42800064B898 /* AppIcon57x57.png in Resources */,
				3A56476819DBA44A0064B898 /* MDImageGalleryView.xib in Resources */,
				3A75994719DCAE38006DF783 /* 19-gear@2x.png in Resources */,
				3A56474E19DB42800064B898 /* AppIcon29x29.png in Resources */,
				3A56475719DB42800064B898 /* AppIcon60x60@2x.png in Resources */,
				3A56475519DB42800064B898 /* AppIcon57x57@2x.png in Resources */,
				3AB3C68D19DFD392004335F9 /* gamebutton.png in Resources */,
				3AB3C68219DFC987004335F9 /* MDImageGalleryVC.txt in Resources */,
				3AB3C68A19DFD13B004335F9 /* MDCrashGameVC.xib in Resources */,
				3A56475D19DB42800064B898 /* iTunesArtwork@2x.png in Resources */,
				3A11391C19DFDA6000C64138 /* MDCrashGameVC.txt in Resources */,
				3A75994619DCAE38006DF783 /* 19-gear.png in Resources */,
				3A11392919E378C600C64138 /* MDScrollListVC.txt in Resources */,
				3A56475219DB42800064B898 /* AppIcon50x50.png in Resources */,
				3AB3C67F19DFC521004335F9 /* MDPreviewVC.xib in Resources */,
				3A56475819DB42800064B898 /* AppIcon72x72.png in Resources */,
				3A56475919DB42800064B898 /* AppIcon72x72@2x.png in Resources */,
				3A56475B19DB42800064B898 /* AppIcon76x76@2x.png in Resources */,
				3A56475A19DB42800064B898 /* AppIcon76x76.png in Resources */,
			);
			runOnlyForDeploymentPostprocessing = 0;
		};
/* End PBXResourcesBuildPhase section */

/* Begin PBXShellScriptBuildPhase section */
		268F994F251744DA89EDBAE0 /* Copy Pods Resources */ = {
			isa = PBXShellScriptBuildPhase;
			buildActionMask = 2147483647;
			files = (
			);
			inputPaths = (
			);
			name = "Copy Pods Resources";
			outputPaths = (
			);
			runOnlyForDeploymentPostprocessing = 0;
			shellPath = /bin/sh;
			shellScript = "\"${SRCROOT}/Pods/Target Support Files/Pods/Pods-resources.sh\"\n";
			showEnvVarsInLog = 0;
		};
		3A51431B0DC540FF9D15A476 /* Check Pods Manifest.lock */ = {
			isa = PBXShellScriptBuildPhase;
			buildActionMask = 2147483647;
			files = (
			);
			inputPaths = (
			);
			name = "Check Pods Manifest.lock";
			outputPaths = (
			);
			runOnlyForDeploymentPostprocessing = 0;
			shellPath = /bin/sh;
			shellScript = "diff \"${PODS_ROOT}/../Podfile.lock\" \"${PODS_ROOT}/Manifest.lock\" > /dev/null\nif [[ $? != 0 ]] ; then\n    cat << EOM\nerror: The sandbox is not in sync with the Podfile.lock. Run 'pod install' or update your CocoaPods installation.\nEOM\n    exit 1\nfi\n";
			showEnvVarsInLog = 0;
		};
		3AA8990619BA2A11004E0892 /* NR Phase */ = {
			isa = PBXShellScriptBuildPhase;
			buildActionMask = 2147483647;
			files = (
			);
			inputPaths = (
			);
			name = "NR Phase";
			outputPaths = (
			);
			runOnlyForDeploymentPostprocessing = 0;
			shellPath = /bin/sh;
			shellScript = "SCRIPT=`/usr/bin/find \"${SRCROOT}\" -name newrelic_postbuild.sh | head -n 1`\nexport DSYM_UPLOAD_URL=\"staging-symbol-upload-api.awsdev.nr-ops.net/symbol\"\n/bin/bash \"${SCRIPT}\" \"AA8af476cb7cab516d0e97bf9b429c51cfce88f672\"\n";
		};
/* End PBXShellScriptBuildPhase section */

/* Begin PBXSourcesBuildPhase section */
		3AA898B319BA14CE004E0892 /* Sources */ = {
			isa = PBXSourcesBuildPhase;
			buildActionMask = 2147483647;
			files = (
				3AB3C67E19DFC521004335F9 /* MDPreviewVC.m in Sources */,
				3A56476419DBA06B0064B898 /* MDImageGalleryVC.m in Sources */,
				3A11393519E457A900C64138 /* MDUIHelpers.m in Sources */,
				3A75993A19DC8CA7006DF783 /* MDInfoVC.m in Sources */,
				3A11392C19E3810C00C64138 /* MDWordList.m in Sources */,
				3A82F14A19CA99A200036226 /* NRMADemoTools.m in Sources */,
				3AA898F919BA1BE8004E0892 /* MDSystemVC.m in Sources */,
				3AB3C68919DFD13B004335F9 /* MDCrashGameVC.m in Sources */,
				3AA898FC19BA1BF5004E0892 /* MDPremiseVC.m in Sources */,
				3AA898C719BA14CE004E0892 /* main.m in Sources */,
				3AA898D119BA14CE004E0892 /* MDIntroVC.m in Sources */,
				3A11391F19E2EBC600C64138 /* MDImageLoader.m in Sources */,
				3AA898F119BA15EE004E0892 /* MDHomeVC.m in Sources */,
				3A11392619E378AE00C64138 /* MDScrollListVC.m in Sources */,
				3A56476019DB5AA10064B898 /* MDDemoListDataSource.m in Sources */,
				3A75993D19DC90D8006DF783 /* MDSettings.m in Sources */,
				3AA898CB19BA14CE004E0892 /* MDAppDelegate.m in Sources */,
			);
			runOnlyForDeploymentPostprocessing = 0;
		};
/* End PBXSourcesBuildPhase section */

/* Begin PBXVariantGroup section */
		3AA898C319BA14CE004E0892 /* InfoPlist.strings */ = {
			isa = PBXVariantGroup;
			children = (
				3AA898C419BA14CE004E0892 /* en */,
			);
			name = InfoPlist.strings;
			sourceTree = "<group>";
		};
		3AA898CC19BA14CE004E0892 /* Main.storyboard */ = {
			isa = PBXVariantGroup;
			children = (
				3AA898CD19BA14CE004E0892 /* Base */,
			);
			name = Main.storyboard;
			sourceTree = "<group>";
		};
/* End PBXVariantGroup section */

/* Begin XCBuildConfiguration section */
		3AA898E719BA14CE004E0892 /* Debug */ = {
			isa = XCBuildConfiguration;
			buildSettings = {
				ALWAYS_SEARCH_USER_PATHS = NO;
				CLANG_CXX_LANGUAGE_STANDARD = "gnu++0x";
				CLANG_CXX_LIBRARY = "libc++";
				CLANG_ENABLE_MODULES = YES;
				CLANG_ENABLE_OBJC_ARC = YES;
				CLANG_WARN_BOOL_CONVERSION = YES;
				CLANG_WARN_CONSTANT_CONVERSION = YES;
				CLANG_WARN_DIRECT_OBJC_ISA_USAGE = YES_ERROR;
				CLANG_WARN_EMPTY_BODY = YES;
				CLANG_WARN_ENUM_CONVERSION = YES;
				CLANG_WARN_INT_CONVERSION = YES;
				CLANG_WARN_OBJC_ROOT_CLASS = YES_ERROR;
				CLANG_WARN__DUPLICATE_METHOD_MATCH = YES;
				"CODE_SIGN_IDENTITY[sdk=iphoneos*]" = "iPhone Developer";
				COPY_PHASE_STRIP = NO;
				GCC_C_LANGUAGE_STANDARD = gnu99;
				GCC_DYNAMIC_NO_PIC = NO;
				GCC_OPTIMIZATION_LEVEL = 0;
				GCC_PREPROCESSOR_DEFINITIONS = (
					"DEBUG=1",
					"$(inherited)",
				);
				GCC_SYMBOLS_PRIVATE_EXTERN = NO;
				GCC_WARN_64_TO_32_BIT_CONVERSION = YES;
				GCC_WARN_ABOUT_RETURN_TYPE = YES_ERROR;
				GCC_WARN_UNDECLARED_SELECTOR = YES;
				GCC_WARN_UNINITIALIZED_AUTOS = YES_AGGRESSIVE;
				GCC_WARN_UNUSED_FUNCTION = YES;
				GCC_WARN_UNUSED_VARIABLE = YES;
				IPHONEOS_DEPLOYMENT_TARGET = 7.1;
				ONLY_ACTIVE_ARCH = YES;
				SDKROOT = iphoneos;
			};
			name = Debug;
		};
		3AA898E819BA14CE004E0892 /* Release */ = {
			isa = XCBuildConfiguration;
			buildSettings = {
				ALWAYS_SEARCH_USER_PATHS = NO;
				CLANG_CXX_LANGUAGE_STANDARD = "gnu++0x";
				CLANG_CXX_LIBRARY = "libc++";
				CLANG_ENABLE_MODULES = YES;
				CLANG_ENABLE_OBJC_ARC = YES;
				CLANG_WARN_BOOL_CONVERSION = YES;
				CLANG_WARN_CONSTANT_CONVERSION = YES;
				CLANG_WARN_DIRECT_OBJC_ISA_USAGE = YES_ERROR;
				CLANG_WARN_EMPTY_BODY = YES;
				CLANG_WARN_ENUM_CONVERSION = YES;
				CLANG_WARN_INT_CONVERSION = YES;
				CLANG_WARN_OBJC_ROOT_CLASS = YES_ERROR;
				CLANG_WARN__DUPLICATE_METHOD_MATCH = YES;
				"CODE_SIGN_IDENTITY[sdk=iphoneos*]" = "iPhone Developer";
				COPY_PHASE_STRIP = YES;
				ENABLE_NS_ASSERTIONS = NO;
				GCC_C_LANGUAGE_STANDARD = gnu99;
				GCC_WARN_64_TO_32_BIT_CONVERSION = YES;
				GCC_WARN_ABOUT_RETURN_TYPE = YES_ERROR;
				GCC_WARN_UNDECLARED_SELECTOR = YES;
				GCC_WARN_UNINITIALIZED_AUTOS = YES_AGGRESSIVE;
				GCC_WARN_UNUSED_FUNCTION = YES;
				GCC_WARN_UNUSED_VARIABLE = YES;
				IPHONEOS_DEPLOYMENT_TARGET = 7.1;
				SDKROOT = iphoneos;
				VALIDATE_PRODUCT = YES;
			};
			name = Release;
		};
		3AA898EA19BA14CE004E0892 /* Debug */ = {
			isa = XCBuildConfiguration;
			baseConfigurationReference = 098E68D8F0EA772C9124BBAE /* Pods.debug.xcconfig */;
			buildSettings = {
				ASSETCATALOG_COMPILER_APPICON_NAME = AppIcon;
				ASSETCATALOG_COMPILER_LAUNCHIMAGE_NAME = LaunchImage;
				CODE_SIGN_IDENTITY = "iPhone Developer";
				"CODE_SIGN_IDENTITY[sdk=iphoneos*]" = "iPhone Developer";
				FRAMEWORK_SEARCH_PATHS = (
					"$(inherited)",
					"$(PROJECT_DIR)",
				);
				GCC_PRECOMPILE_PREFIX_HEADER = YES;
				GCC_PREFIX_HEADER = "MobileDemo/MobileDemo-Prefix.pch";
				INFOPLIST_FILE = "MobileDemo/MobileDemo-Info.plist";
				PRODUCT_NAME = "$(TARGET_NAME)";
				PROVISIONING_PROFILE = "bfa29e30-b8d5-4fb3-8322-de723a3ca5f7";
				WRAPPER_EXTENSION = app;
			};
			name = Debug;
		};
		3AA898EB19BA14CE004E0892 /* Release */ = {
			isa = XCBuildConfiguration;
			baseConfigurationReference = D6E6F3A0923EB4A31CBCE3BA /* Pods.release.xcconfig */;
			buildSettings = {
				ASSETCATALOG_COMPILER_APPICON_NAME = AppIcon;
				ASSETCATALOG_COMPILER_LAUNCHIMAGE_NAME = LaunchImage;
				CODE_SIGN_IDENTITY = "iPhone Developer";
				"CODE_SIGN_IDENTITY[sdk=iphoneos*]" = "iPhone Distribution: New Relic, Inc.";
				FRAMEWORK_SEARCH_PATHS = (
					"$(inherited)",
					"$(PROJECT_DIR)",
				);
				GCC_PRECOMPILE_PREFIX_HEADER = YES;
				GCC_PREFIX_HEADER = "MobileDemo/MobileDemo-Prefix.pch";
				INFOPLIST_FILE = "MobileDemo/MobileDemo-Info.plist";
				PRODUCT_NAME = "$(TARGET_NAME)";
				PROVISIONING_PROFILE = "bfa29e30-b8d5-4fb3-8322-de723a3ca5f7";
				WRAPPER_EXTENSION = app;
			};
			name = Release;
		};
/* End XCBuildConfiguration section */

/* Begin XCConfigurationList section */
		3AA898B219BA14CE004E0892 /* Build configuration list for PBXProject "MobileDemo" */ = {
			isa = XCConfigurationList;
			buildConfigurations = (
				3AA898E719BA14CE004E0892 /* Debug */,
				3AA898E819BA14CE004E0892 /* Release */,
			);
			defaultConfigurationIsVisible = 0;
			defaultConfigurationName = Release;
		};
		3AA898E919BA14CE004E0892 /* Build configuration list for PBXNativeTarget "MobileDemo" */ = {
			isa = XCConfigurationList;
			buildConfigurations = (
				3AA898EA19BA14CE004E0892 /* Debug */,
				3AA898EB19BA14CE004E0892 /* Release */,
			);
			defaultConfigurationIsVisible = 0;
			defaultConfigurationName = Release;
		};
/* End XCConfigurationList section */
	};
	rootObject = 3AA898AF19BA14CE004E0892 /* Project object */;
}
